<?xml version="1.0" encoding="utf-8"?>
<Project ToolsVersion="4.0" xmlns="http://schemas.microsoft.com/developer/msbuild/2003">
  <ItemGroup>
    <Filter Include="Main">
      <UniqueIdentifier>{6add7340-064f-4dbf-8e1d-16cb8de1f247}</UniqueIdentifier>
    </Filter>
    <Filter Include="Utils">
      <UniqueIdentifier>{33621143-33f0-4643-89fa-efcbb4ca8463}</UniqueIdentifier>
    </Filter>
    <Filter Include="pch">
      <UniqueIdentifier>{8d1b04fe-90c6-47c5-b8b0-13d4da0f49cb}</UniqueIdentifier>
    </Filter>
    <Filter Include="ProtocolTool">
      <UniqueIdentifier>{bbfb436e-d1c4-46cc-b8ed-426c13588501}</UniqueIdentifier>
    </Filter>
    <Filter Include="Protocol">
      <UniqueIdentifier>{f1207607-8e0a-4c03-b0c6-6a08cdf36a09}</UniqueIdentifier>
    </Filter>
    <Filter Include="GameContent">
      <UniqueIdentifier>{5ad46b88-d4f5-4172-b8c0-a9165089ef04}</UniqueIdentifier>
    </Filter>
    <Filter Include="Network">
      <UniqueIdentifier>{f93ded38-4187-4f16-b9fe-5192333c7f6c}</UniqueIdentifier>
    </Filter>
  </ItemGroup>
  <ItemGroup>
    <ClCompile Include="pch.cpp">
      <Filter>pch</Filter>
    </ClCompile>
    <ClCompile Include="Struct.pb.cc">
      <Filter>Protocol</Filter>
    </ClCompile>
    <ClCompile Include="Enum.pb.cc">
      <Filter>Protocol</Filter>
    </ClCompile>
    <ClCompile Include="Protocol.pb.cc">
      <Filter>Protocol</Filter>
    </ClCompile>
    <ClCompile Include="ClientPacketHandler.cpp">
      <Filter>Main</Filter>
    </ClCompile>
    <ClCompile Include="UserSessionManager.cpp">
      <Filter>Main</Filter>
    </ClCompile>
    <ClCompile Include="GameRoom.cpp">
      <Filter>GameContent</Filter>
    </ClCompile>
    <ClCompile Include="GameUser.cpp">
      <Filter>GameContent</Filter>
    </ClCompile>
    <ClCompile Include="GameServer.cpp">
      <Filter>Main</Filter>
    </ClCompile>
    <ClCompile Include="MyIocpServer.cpp">
      <Filter>Network</Filter>
    </ClCompile>
    <ClCompile Include="MyCompltionKey.cpp">
      <Filter>Network</Filter>
    </ClCompile>
    <ClCompile Include="MyOverlapped.cpp">
      <Filter>Network</Filter>
    </ClCompile>
    <ClCompile Include="UserSession.cpp">
      <Filter>Main</Filter>
    </ClCompile>
    <ClCompile Include="GameRoomManager.cpp">
      <Filter>GameContent</Filter>
    </ClCompile>
    <ClCompile Include="Lobby.cpp">
      <Filter>GameContent</Filter>
    </ClCompile>
  </ItemGroup>
  <ItemGroup>
    <ClInclude Include="pch.h">
      <Filter>pch</Filter>
    </ClInclude>
    <ClInclude Include="Protocol.pb.h">
      <Filter>Protocol</Filter>
    </ClInclude>
    <ClInclude Include="Struct.pb.h">
      <Filter>Protocol</Filter>
    </ClInclude>
    <ClInclude Include="Enum.pb.h">
      <Filter>Protocol</Filter>
    </ClInclude>
    <ClInclude Include="ClientPacketHandler.h">
      <Filter>Main</Filter>
    </ClInclude>
    <ClInclude Include="UserSessionManager.h">
      <Filter>Main</Filter>
    </ClInclude>
    <ClInclude Include="GameUser.h">
      <Filter>GameContent</Filter>
    </ClInclude>
    <ClInclude Include="GameRoom.h">
      <Filter>GameContent</Filter>
    </ClInclude>
    <ClInclude Include="MyIocpServer.h">
      <Filter>Network</Filter>
    </ClInclude>
    <ClInclude Include="MyCompltionKey.h">
      <Filter>Network</Filter>
    </ClInclude>
    <ClInclude Include="MyOverlapped.h">
      <Filter>Network</Filter>
    </ClInclude>
    <ClInclude Include="UserSession.h">
      <Filter>Main</Filter>
    </ClInclude>
    <ClInclude Include="GameRoomManager.h">
      <Filter>GameContent</Filter>
    </ClInclude>
    <ClInclude Include="Lobby.h">
      <Filter>GameContent</Filter>
    </ClInclude>
  </ItemGroup>
  <ItemGroup>
    <None Include="..\ProtocolMake\Debug\GenPackets.bat">
      <Filter>ProtocolTool</Filter>
    </None>
    <None Include="..\ProtocolMake\Debug\Protocol.proto">
      <Filter>ProtocolTool</Filter>
    </None>
    <None Include="..\ProtocolMake\Debug\Struct.proto">
      <Filter>ProtocolTool</Filter>
    </None>
    <None Include="..\ProtocolMake\Debug\Enum.proto">
      <Filter>ProtocolTool</Filter>
    </None>
  </ItemGroup>
</Project>